// !$*UTF8*$!
{
	archiveVersion = 1;
	classes = {
	};
	objectVersion = 50;
	objects = {

/* Begin PBXBuildFile section */
		F8232B3B23D1570A005D508C /* AppDelegate.swift in Sources */ = {isa = PBXBuildFile; fileRef = F8232B3A23D1570A005D508C /* AppDelegate.swift */; };
		F8232B3D23D1570A005D508C /* SceneDelegate.swift in Sources */ = {isa = PBXBuildFile; fileRef = F8232B3C23D1570A005D508C /* SceneDelegate.swift */; };
		F8232B3F23D1570A005D508C /* ContentView.swift in Sources */ = {isa = PBXBuildFile; fileRef = F8232B3E23D1570A005D508C /* ContentView.swift */; };
		F8232B4123D1570B005D508C /* Assets.xcassets in Resources */ = {isa = PBXBuildFile; fileRef = F8232B4023D1570B005D508C /* Assets.xcassets */; };
		F8232B4423D1570B005D508C /* Preview Assets.xcassets in Resources */ = {isa = PBXBuildFile; fileRef = F8232B4323D1570B005D508C /* Preview Assets.xcassets */; };
		F8232B4723D1570B005D508C /* LaunchScreen.storyboard in Resources */ = {isa = PBXBuildFile; fileRef = F8232B4523D1570B005D508C /* LaunchScreen.storyboard */; };
		F8232B5123D1CE7E005D508C /* WebViewPage.swift in Sources */ = {isa = PBXBuildFile; fileRef = F8232B5023D1CE7E005D508C /* WebViewPage.swift */; };
		F8232B5323D1DB66005D508C /* Row.swift in Sources */ = {isa = PBXBuildFile; fileRef = F8232B5223D1DB66005D508C /* Row.swift */; };
		F8232B5523D1DD87005D508C /* ControllerPage.swift in Sources */ = {isa = PBXBuildFile; fileRef = F8232B5423D1DD87005D508C /* ControllerPage.swift */; };
		F8232B5723D1F4AF005D508C /* UIKitController.swift in Sources */ = {isa = PBXBuildFile; fileRef = F8232B5623D1F4AF005D508C /* UIKitController.swift */; };
		F8232B5A23D1FB2A005D508C /* TextPage.swift in Sources */ = {isa = PBXBuildFile; fileRef = F8232B5923D1FB2A005D508C /* TextPage.swift */; };
		F8232B5C23D1FEE2005D508C /* TextFieldPage.swift in Sources */ = {isa = PBXBuildFile; fileRef = F8232B5B23D1FEE2005D508C /* TextFieldPage.swift */; };
		F8232B5F23D2041D005D508C /* Window+Ext.swift in Sources */ = {isa = PBXBuildFile; fileRef = F8232B5E23D2041D005D508C /* Window+Ext.swift */; };
		F8232B6123D205A1005D508C /* View+Ext.swift in Sources */ = {isa = PBXBuildFile; fileRef = F8232B6023D205A1005D508C /* View+Ext.swift */; };
		F823749123D7F2A600655E9C /* NavigationButtonPage.swift in Sources */ = {isa = PBXBuildFile; fileRef = F823749023D7F2A600655E9C /* NavigationButtonPage.swift */; };
		F823749323D820DB00655E9C /* EditButtonPage.swift in Sources */ = {isa = PBXBuildFile; fileRef = F823749223D820DB00655E9C /* EditButtonPage.swift */; };
		F8354E4F23E7C3E90092524F /* DatePickerPage.swift in Sources */ = {isa = PBXBuildFile; fileRef = F8354E4E23E7C3E90092524F /* DatePickerPage.swift */; };
		F837E73223D2ACC30024841C /* ImagePage.swift in Sources */ = {isa = PBXBuildFile; fileRef = F837E73123D2ACC30024841C /* ImagePage.swift */; };
		F837E73623D2B62A0024841C /* WebImagePage.swift in Sources */ = {isa = PBXBuildFile; fileRef = F837E73523D2B62A0024841C /* WebImagePage.swift */; };
		F84B33FA23D9348A00C1130E /* PickerPage.swift in Sources */ = {isa = PBXBuildFile; fileRef = F84B33F923D9348A00C1130E /* PickerPage.swift */; };
		F8A719A723E812CE001A2A8A /* InternationalPage.swift in Sources */ = {isa = PBXBuildFile; fileRef = F8A719A623E812CE001A2A8A /* InternationalPage.swift */; };
		F8A719AA23E813DE001A2A8A /* Localizable.strings in Resources */ = {isa = PBXBuildFile; fileRef = F8A719AC23E813DE001A2A8A /* Localizable.strings */; };
		F8A719B023E81B93001A2A8A /* InfoPlist.strings in Resources */ = {isa = PBXBuildFile; fileRef = F8A719B223E81B93001A2A8A /* InfoPlist.strings */; };
		F8A719B923E88B82001A2A8A /* UserData.swift in Sources */ = {isa = PBXBuildFile; fileRef = F8A719B823E88B82001A2A8A /* UserData.swift */; };
		F8A719BC23E98EC4001A2A8A /* SliderPage.swift in Sources */ = {isa = PBXBuildFile; fileRef = F8A719BB23E98EC4001A2A8A /* SliderPage.swift */; };
		F8A719BE23E9906C001A2A8A /* TogglePage.swift in Sources */ = {isa = PBXBuildFile; fileRef = F8A719BD23E9906C001A2A8A /* TogglePage.swift */; };
		F8A719C023E99338001A2A8A /* StepperPage.swift in Sources */ = {isa = PBXBuildFile; fileRef = F8A719BF23E99338001A2A8A /* StepperPage.swift */; };
		F8F0572523D32EF400F3F7E5 /* ButtonPage.swift in Sources */ = {isa = PBXBuildFile; fileRef = F8F0572423D32EF400F3F7E5 /* ButtonPage.swift */; };
/* End PBXBuildFile section */

/* Begin PBXFileReference section */
		F8232B3723D1570A005D508C /* star.app */ = {isa = PBXFileReference; explicitFileType = wrapper.application; includeInIndex = 0; path = star.app; sourceTree = BUILT_PRODUCTS_DIR; };
		F8232B3A23D1570A005D508C /* AppDelegate.swift */ = {isa = PBXFileReference; lastKnownFileType = sourcecode.swift; path = AppDelegate.swift; sourceTree = "<group>"; };
		F8232B3C23D1570A005D508C /* SceneDelegate.swift */ = {isa = PBXFileReference; lastKnownFileType = sourcecode.swift; path = SceneDelegate.swift; sourceTree = "<group>"; };
		F8232B3E23D1570A005D508C /* ContentView.swift */ = {isa = PBXFileReference; lastKnownFileType = sourcecode.swift; path = ContentView.swift; sourceTree = "<group>"; };
		F8232B4023D1570B005D508C /* Assets.xcassets */ = {isa = PBXFileReference; lastKnownFileType = folder.assetcatalog; path = Assets.xcassets; sourceTree = "<group>"; };
		F8232B4323D1570B005D508C /* Preview Assets.xcassets */ = {isa = PBXFileReference; lastKnownFileType = folder.assetcatalog; path = "Preview Assets.xcassets"; sourceTree = "<group>"; };
		F8232B4623D1570B005D508C /* Base */ = {isa = PBXFileReference; lastKnownFileType = file.storyboard; name = Base; path = Base.lproj/LaunchScreen.storyboard; sourceTree = "<group>"; };
		F8232B4823D1570B005D508C /* Info.plist */ = {isa = PBXFileReference; lastKnownFileType = text.plist.xml; path = Info.plist; sourceTree = "<group>"; };
		F8232B5023D1CE7E005D508C /* WebViewPage.swift */ = {isa = PBXFileReference; lastKnownFileType = sourcecode.swift; path = WebViewPage.swift; sourceTree = "<group>"; };
		F8232B5223D1DB66005D508C /* Row.swift */ = {isa = PBXFileReference; lastKnownFileType = sourcecode.swift; path = Row.swift; sourceTree = "<group>"; };
		F8232B5423D1DD87005D508C /* ControllerPage.swift */ = {isa = PBXFileReference; lastKnownFileType = sourcecode.swift; path = ControllerPage.swift; sourceTree = "<group>"; };
		F8232B5623D1F4AF005D508C /* UIKitController.swift */ = {isa = PBXFileReference; lastKnownFileType = sourcecode.swift; path = UIKitController.swift; sourceTree = "<group>"; };
		F8232B5923D1FB2A005D508C /* TextPage.swift */ = {isa = PBXFileReference; lastKnownFileType = sourcecode.swift; path = TextPage.swift; sourceTree = "<group>"; };
		F8232B5B23D1FEE2005D508C /* TextFieldPage.swift */ = {isa = PBXFileReference; lastKnownFileType = sourcecode.swift; path = TextFieldPage.swift; sourceTree = "<group>"; };
		F8232B5E23D2041D005D508C /* Window+Ext.swift */ = {isa = PBXFileReference; lastKnownFileType = sourcecode.swift; path = "Window+Ext.swift"; sourceTree = "<group>"; };
		F8232B6023D205A1005D508C /* View+Ext.swift */ = {isa = PBXFileReference; lastKnownFileType = sourcecode.swift; path = "View+Ext.swift"; sourceTree = "<group>"; };
		F823749023D7F2A600655E9C /* NavigationButtonPage.swift */ = {isa = PBXFileReference; lastKnownFileType = sourcecode.swift; path = NavigationButtonPage.swift; sourceTree = "<group>"; };
		F823749223D820DB00655E9C /* EditButtonPage.swift */ = {isa = PBXFileReference; lastKnownFileType = sourcecode.swift; path = EditButtonPage.swift; sourceTree = "<group>"; };
		F8354E4E23E7C3E90092524F /* DatePickerPage.swift */ = {isa = PBXFileReference; lastKnownFileType = sourcecode.swift; path = DatePickerPage.swift; sourceTree = "<group>"; };
		F837E73123D2ACC30024841C /* ImagePage.swift */ = {isa = PBXFileReference; lastKnownFileType = sourcecode.swift; path = ImagePage.swift; sourceTree = "<group>"; };
		F837E73523D2B62A0024841C /* WebImagePage.swift */ = {isa = PBXFileReference; lastKnownFileType = sourcecode.swift; path = WebImagePage.swift; sourceTree = "<group>"; };
		F84B33F923D9348A00C1130E /* PickerPage.swift */ = {isa = PBXFileReference; lastKnownFileType = sourcecode.swift; path = PickerPage.swift; sourceTree = "<group>"; };
		F8A719A623E812CE001A2A8A /* InternationalPage.swift */ = {isa = PBXFileReference; lastKnownFileType = sourcecode.swift; path = InternationalPage.swift; sourceTree = "<group>"; };
		F8A719AD23E8142A001A2A8A /* en */ = {isa = PBXFileReference; lastKnownFileType = text.plist.strings; name = en; path = en.lproj/Localizable.strings; sourceTree = "<group>"; };
		F8A719B123E81B93001A2A8A /* en */ = {isa = PBXFileReference; lastKnownFileType = text.plist.strings; name = en; path = en.lproj/InfoPlist.strings; sourceTree = "<group>"; };
		F8A719B423E83D05001A2A8A /* zh-Hans */ = {isa = PBXFileReference; lastKnownFileType = text.plist.strings; name = "zh-Hans"; path = "zh-Hans.lproj/LaunchScreen.strings"; sourceTree = "<group>"; };
		F8A719B523E83D8A001A2A8A /* zh-Hans */ = {isa = PBXFileReference; lastKnownFileType = text.plist.strings; name = "zh-Hans"; path = "zh-Hans.lproj/InfoPlist.strings"; sourceTree = "<group>"; };
		F8A719B623E83D92001A2A8A /* zh-Hans */ = {isa = PBXFileReference; lastKnownFileType = text.plist.strings; name = "zh-Hans"; path = "zh-Hans.lproj/Localizable.strings"; sourceTree = "<group>"; };
		F8A719B823E88B82001A2A8A /* UserData.swift */ = {isa = PBXFileReference; lastKnownFileType = sourcecode.swift; path = UserData.swift; sourceTree = "<group>"; };
		F8A719BB23E98EC4001A2A8A /* SliderPage.swift */ = {isa = PBXFileReference; lastKnownFileType = sourcecode.swift; path = SliderPage.swift; sourceTree = "<group>"; };
		F8A719BD23E9906C001A2A8A /* TogglePage.swift */ = {isa = PBXFileReference; lastKnownFileType = sourcecode.swift; path = TogglePage.swift; sourceTree = "<group>"; };
		F8A719BF23E99338001A2A8A /* StepperPage.swift */ = {isa = PBXFileReference; lastKnownFileType = sourcecode.swift; path = StepperPage.swift; sourceTree = "<group>"; };
		F8F0572423D32EF400F3F7E5 /* ButtonPage.swift */ = {isa = PBXFileReference; lastKnownFileType = sourcecode.swift; path = ButtonPage.swift; sourceTree = "<group>"; };
/* End PBXFileReference section */

/* Begin PBXFrameworksBuildPhase section */
		F8232B3423D1570A005D508C /* Frameworks */ = {
			isa = PBXFrameworksBuildPhase;
			buildActionMask = 2147483647;
			files = (
			);
			runOnlyForDeploymentPostprocessing = 0;
		};
/* End PBXFrameworksBuildPhase section */

/* Begin PBXGroup section */
		F8232B2E23D1570A005D508C = {
			isa = PBXGroup;
			children = (
				F8232B3923D1570A005D508C /* star */,
				F8232B3823D1570A005D508C /* Products */,
			);
			sourceTree = "<group>";
		};
		F8232B3823D1570A005D508C /* Products */ = {
			isa = PBXGroup;
			children = (
				F8232B3723D1570A005D508C /* star.app */,
			);
			name = Products;
			sourceTree = "<group>";
		};
		F8232B3923D1570A005D508C /* star */ = {
			isa = PBXGroup;
			children = (
				F8A719BA23E88B97001A2A8A /* Models */,
				F8A719B723E84204001A2A8A /* components */,
				F8232B4023D1570B005D508C /* Assets.xcassets */,
				F8232B5D23D203F0005D508C /* Extension */,
				F8232B4E23D1CE33005D508C /* page */,
				F8232B3A23D1570A005D508C /* AppDelegate.swift */,
				F8232B3C23D1570A005D508C /* SceneDelegate.swift */,
				F8232B3E23D1570A005D508C /* ContentView.swift */,
				F8232B4523D1570B005D508C /* LaunchScreen.storyboard */,
				F8232B4823D1570B005D508C /* Info.plist */,
				F8232B4223D1570B005D508C /* Preview Content */,
				F8A719AC23E813DE001A2A8A /* Localizable.strings */,
				F8A719B223E81B93001A2A8A /* InfoPlist.strings */,
			);
			path = star;
			sourceTree = "<group>";
		};
		F8232B4223D1570B005D508C /* Preview Content */ = {
			isa = PBXGroup;
			children = (
				F8232B4323D1570B005D508C /* Preview Assets.xcassets */,
			);
			path = "Preview Content";
			sourceTree = "<group>";
		};
		F8232B4E23D1CE33005D508C /* page */ = {
			isa = PBXGroup;
			children = (
				F8A719A523E8126D001A2A8A /* International */,
				F84B33F823D9346B00C1130E /* Picker */,
				F8F0572323D32EE000F3F7E5 /* Button */,
				F837E73023D2ACAC0024841C /* Image */,
				F8232B5823D1FB13005D508C /* Text */,
				F8232B4F23D1CE48005D508C /* Special */,
			);
			path = page;
			sourceTree = "<group>";
		};
		F8232B4F23D1CE48005D508C /* Special */ = {
			isa = PBXGroup;
			children = (
				F8232B5023D1CE7E005D508C /* WebViewPage.swift */,
				F8232B5423D1DD87005D508C /* ControllerPage.swift */,
				F8232B5623D1F4AF005D508C /* UIKitController.swift */,
			);
			path = Special;
			sourceTree = "<group>";
		};
		F8232B5823D1FB13005D508C /* Text */ = {
			isa = PBXGroup;
			children = (
				F8232B5923D1FB2A005D508C /* TextPage.swift */,
				F8232B5B23D1FEE2005D508C /* TextFieldPage.swift */,
			);
			path = Text;
			sourceTree = "<group>";
		};
		F8232B5D23D203F0005D508C /* Extension */ = {
			isa = PBXGroup;
			children = (
				F8232B5E23D2041D005D508C /* Window+Ext.swift */,
				F8232B6023D205A1005D508C /* View+Ext.swift */,
			);
			path = Extension;
			sourceTree = "<group>";
		};
		F837E73023D2ACAC0024841C /* Image */ = {
			isa = PBXGroup;
			children = (
				F837E73123D2ACC30024841C /* ImagePage.swift */,
				F837E73523D2B62A0024841C /* WebImagePage.swift */,
			);
			path = Image;
			sourceTree = "<group>";
		};
		F84B33F823D9346B00C1130E /* Picker */ = {
			isa = PBXGroup;
			children = (
				F84B33F923D9348A00C1130E /* PickerPage.swift */,
				F8354E4E23E7C3E90092524F /* DatePickerPage.swift */,
				F8A719BD23E9906C001A2A8A /* TogglePage.swift */,
				F8A719BF23E99338001A2A8A /* StepperPage.swift */,
				F8A719BB23E98EC4001A2A8A /* SliderPage.swift */,
			);
			path = Picker;
			sourceTree = "<group>";
		};
		F8A719A523E8126D001A2A8A /* International */ = {
			isa = PBXGroup;
			children = (
				F8A719A623E812CE001A2A8A /* InternationalPage.swift */,
			);
			path = International;
			sourceTree = "<group>";
		};
		F8A719B723E84204001A2A8A /* components */ = {
			isa = PBXGroup;
			children = (
				F8232B5223D1DB66005D508C /* Row.swift */,
			);
			path = components;
			sourceTree = "<group>";
		};
		F8A719BA23E88B97001A2A8A /* Models */ = {
			isa = PBXGroup;
			children = (
				F8A719B823E88B82001A2A8A /* UserData.swift */,
			);
			path = Models;
			sourceTree = "<group>";
		};
		F8F0572323D32EE000F3F7E5 /* Button */ = {
			isa = PBXGroup;
			children = (
				F8F0572423D32EF400F3F7E5 /* ButtonPage.swift */,
				F823749023D7F2A600655E9C /* NavigationButtonPage.swift */,
				F823749223D820DB00655E9C /* EditButtonPage.swift */,
			);
			path = Button;
			sourceTree = "<group>";
		};
/* End PBXGroup section */

/* Begin PBXNativeTarget section */
		F8232B3623D1570A005D508C /* star */ = {
			isa = PBXNativeTarget;
			buildConfigurationList = F8232B4B23D1570B005D508C /* Build configuration list for PBXNativeTarget "star" */;
			buildPhases = (
				F8232B3323D1570A005D508C /* Sources */,
				F8232B3423D1570A005D508C /* Frameworks */,
				F8232B3523D1570A005D508C /* Resources */,
			);
			buildRules = (
			);
			dependencies = (
			);
			name = star;
			productName = star;
			productReference = F8232B3723D1570A005D508C /* star.app */;
			productType = "com.apple.product-type.application";
		};
/* End PBXNativeTarget section */

/* Begin PBXProject section */
		F8232B2F23D1570A005D508C /* Project object */ = {
			isa = PBXProject;
			attributes = {
				LastSwiftUpdateCheck = 1130;
				LastUpgradeCheck = 1130;
				ORGANIZATIONNAME = "张复星";
				TargetAttributes = {
					F8232B3623D1570A005D508C = {
						CreatedOnToolsVersion = 11.3.1;
					};
				};
			};
			buildConfigurationList = F8232B3223D1570A005D508C /* Build configuration list for PBXProject "star" */;
			compatibilityVersion = "Xcode 9.3";
			developmentRegion = en;
			hasScannedForEncodings = 0;
			knownRegions = (
				en,
				Base,
				"zh-Hans",
			);
			mainGroup = F8232B2E23D1570A005D508C;
			productRefGroup = F8232B3823D1570A005D508C /* Products */;
			projectDirPath = "";
			projectRoot = "";
			targets = (
				F8232B3623D1570A005D508C /* star */,
			);
		};
/* End PBXProject section */

/* Begin PBXResourcesBuildPhase section */
		F8232B3523D1570A005D508C /* Resources */ = {
			isa = PBXResourcesBuildPhase;
			buildActionMask = 2147483647;
			files = (
				F8232B4723D1570B005D508C /* LaunchScreen.storyboard in Resources */,
				F8232B4423D1570B005D508C /* Preview Assets.xcassets in Resources */,
				F8A719AA23E813DE001A2A8A /* Localizable.strings in Resources */,
				F8232B4123D1570B005D508C /* Assets.xcassets in Resources */,
				F8A719B023E81B93001A2A8A /* InfoPlist.strings in Resources */,
			);
			runOnlyForDeploymentPostprocessing = 0;
		};
/* End PBXResourcesBuildPhase section */

/* Begin PBXSourcesBuildPhase section */
		F8232B3323D1570A005D508C /* Sources */ = {
			isa = PBXSourcesBuildPhase;
			buildActionMask = 2147483647;
			files = (
				F8232B5523D1DD87005D508C /* ControllerPage.swift in Sources */,
				F8232B3B23D1570A005D508C /* AppDelegate.swift in Sources */,
				F8A719BC23E98EC4001A2A8A /* SliderPage.swift in Sources */,
				F8354E4F23E7C3E90092524F /* DatePickerPage.swift in Sources */,
				F8F0572523D32EF400F3F7E5 /* ButtonPage.swift in Sources */,
				F837E73623D2B62A0024841C /* WebImagePage.swift in Sources */,
				F8232B5723D1F4AF005D508C /* UIKitController.swift in Sources */,
				F8232B5F23D2041D005D508C /* Window+Ext.swift in Sources */,
				F8232B5C23D1FEE2005D508C /* TextFieldPage.swift in Sources */,
				F8232B5A23D1FB2A005D508C /* TextPage.swift in Sources */,
				F8A719A723E812CE001A2A8A /* InternationalPage.swift in Sources */,
				F8232B5323D1DB66005D508C /* Row.swift in Sources */,
				F8A719BE23E9906C001A2A8A /* TogglePage.swift in Sources */,
				F823749123D7F2A600655E9C /* NavigationButtonPage.swift in Sources */,
				F8232B6123D205A1005D508C /* View+Ext.swift in Sources */,
				F8232B3D23D1570A005D508C /* SceneDelegate.swift in Sources */,
				F8232B5123D1CE7E005D508C /* WebViewPage.swift in Sources */,
				F837E73223D2ACC30024841C /* ImagePage.swift in Sources */,
				F8A719C023E99338001A2A8A /* StepperPage.swift in Sources */,
				F823749323D820DB00655E9C /* EditButtonPage.swift in Sources */,
				F84B33FA23D9348A00C1130E /* PickerPage.swift in Sources */,
				F8A719B923E88B82001A2A8A /* UserData.swift in Sources */,
				F8232B3F23D1570A005D508C /* ContentView.swift in Sources */,
			);
			runOnlyForDeploymentPostprocessing = 0;
		};
/* End PBXSourcesBuildPhase section */

/* Begin PBXVariantGroup section */
		F8232B4523D1570B005D508C /* LaunchScreen.storyboard */ = {
			isa = PBXVariantGroup;
			children = (
				F8232B4623D1570B005D508C /* Base */,
				F8A719B423E83D05001A2A8A /* zh-Hans */,
			);
			name = LaunchScreen.storyboard;
			sourceTree = "<group>";
		};
		F8A719AC23E813DE001A2A8A /* Localizable.strings */ = {
			isa = PBXVariantGroup;
			children = (
				F8A719AD23E8142A001A2A8A /* en */,
				F8A719B623E83D92001A2A8A /* zh-Hans */,
			);
			name = Localizable.strings;
			sourceTree = "<group>";
		};
		F8A719B223E81B93001A2A8A /* InfoPlist.strings */ = {
			isa = PBXVariantGroup;
			children = (
				F8A719B123E81B93001A2A8A /* en */,
				F8A719B523E83D8A001A2A8A /* zh-Hans */,
			);
			name = InfoPlist.strings;
			sourceTree = "<group>";
		};
/* End PBXVariantGroup section */

/* Begin XCBuildConfiguration section */
		F8232B4923D1570B005D508C /* Debug */ = {
			isa = XCBuildConfiguration;
			buildSettings = {
				ALWAYS_SEARCH_USER_PATHS = NO;
				CLANG_ANALYZER_LOCALIZABILITY_NONLOCALIZED = YES;
				CLANG_ANALYZER_NONNULL = YES;
				CLANG_ANALYZER_NUMBER_OBJECT_CONVERSION = YES_AGGRESSIVE;
				CLANG_CXX_LANGUAGE_STANDARD = "gnu++14";
				CLANG_CXX_LIBRARY = "libc++";
				CLANG_ENABLE_MODULES = YES;
				CLANG_ENABLE_OBJC_ARC = YES;
				CLANG_ENABLE_OBJC_WEAK = YES;
				CLANG_WARN_BLOCK_CAPTURE_AUTORELEASING = YES;
				CLANG_WARN_BOOL_CONVERSION = YES;
				CLANG_WARN_COMMA = YES;
				CLANG_WARN_CONSTANT_CONVERSION = YES;
				CLANG_WARN_DEPRECATED_OBJC_IMPLEMENTATIONS = YES;
				CLANG_WARN_DIRECT_OBJC_ISA_USAGE = YES_ERROR;
				CLANG_WARN_DOCUMENTATION_COMMENTS = YES;
				CLANG_WARN_EMPTY_BODY = YES;
				CLANG_WARN_ENUM_CONVERSION = YES;
				CLANG_WARN_INFINITE_RECURSION = YES;
				CLANG_WARN_INT_CONVERSION = YES;
				CLANG_WARN_NON_LITERAL_NULL_CONVERSION = YES;
				CLANG_WARN_OBJC_IMPLICIT_RETAIN_SELF = YES;
				CLANG_WARN_OBJC_LITERAL_CONVERSION = YES;
				CLANG_WARN_OBJC_ROOT_CLASS = YES_ERROR;
				CLANG_WARN_RANGE_LOOP_ANALYSIS = YES;
				CLANG_WARN_STRICT_PROTOTYPES = YES;
				CLANG_WARN_SUSPICIOUS_MOVE = YES;
				CLANG_WARN_UNGUARDED_AVAILABILITY = YES_AGGRESSIVE;
				CLANG_WARN_UNREACHABLE_CODE = YES;
				CLANG_WARN__DUPLICATE_METHOD_MATCH = YES;
				COPY_PHASE_STRIP = NO;
				DEBUG_INFORMATION_FORMAT = dwarf;
				ENABLE_STRICT_OBJC_MSGSEND = YES;
				ENABLE_TESTABILITY = YES;
				GCC_C_LANGUAGE_STANDARD = gnu11;
				GCC_DYNAMIC_NO_PIC = NO;
				GCC_NO_COMMON_BLOCKS = YES;
				GCC_OPTIMIZATION_LEVEL = 0;
				GCC_PREPROCESSOR_DEFINITIONS = (
					"DEBUG=1",
					"$(inherited)",
				);
				GCC_WARN_64_TO_32_BIT_CONVERSION = YES;
				GCC_WARN_ABOUT_RETURN_TYPE = YES_ERROR;
				GCC_WARN_UNDECLARED_SELECTOR = YES;
				GCC_WARN_UNINITIALIZED_AUTOS = YES_AGGRESSIVE;
				GCC_WARN_UNUSED_FUNCTION = YES;
				GCC_WARN_UNUSED_VARIABLE = YES;
				IPHONEOS_DEPLOYMENT_TARGET = 13.2;
				MTL_ENABLE_DEBUG_INFO = INCLUDE_SOURCE;
				MTL_FAST_MATH = YES;
				ONLY_ACTIVE_ARCH = YES;
				SDKROOT = iphoneos;
				SWIFT_ACTIVE_COMPILATION_CONDITIONS = DEBUG;
				SWIFT_OPTIMIZATION_LEVEL = "-Onone";
			};
			name = Debug;
		};
		F8232B4A23D1570B005D508C /* Release */ = {
			isa = XCBuildConfiguration;
			buildSettings = {
				ALWAYS_SEARCH_USER_PATHS = NO;
				CLANG_ANALYZER_LOCALIZABILITY_NONLOCALIZED = YES;
				CLANG_ANALYZER_NONNULL = YES;
				CLANG_ANALYZER_NUMBER_OBJECT_CONVERSION = YES_AGGRESSIVE;
				CLANG_CXX_LANGUAGE_STANDARD = "gnu++14";
				CLANG_CXX_LIBRARY = "libc++";
				CLANG_ENABLE_MODULES = YES;
				CLANG_ENABLE_OBJC_ARC = YES;
				CLANG_ENABLE_OBJC_WEAK = YES;
				CLANG_WARN_BLOCK_CAPTURE_AUTORELEASING = YES;
				CLANG_WARN_BOOL_CONVERSION = YES;
				CLANG_WARN_COMMA = YES;
				CLANG_WARN_CONSTANT_CONVERSION = YES;
				CLANG_WARN_DEPRECATED_OBJC_IMPLEMENTATIONS = YES;
				CLANG_WARN_DIRECT_OBJC_ISA_USAGE = YES_ERROR;
				CLANG_WARN_DOCUMENTATION_COMMENTS = YES;
				CLANG_WARN_EMPTY_BODY = YES;
				CLANG_WARN_ENUM_CONVERSION = YES;
				CLANG_WARN_INFINITE_RECURSION = YES;
				CLANG_WARN_INT_CONVERSION = YES;
				CLANG_WARN_NON_LITERAL_NULL_CONVERSION = YES;
				CLANG_WARN_OBJC_IMPLICIT_RETAIN_SELF = YES;
				CLANG_WARN_OBJC_LITERAL_CONVERSION = YES;
				CLANG_WARN_OBJC_ROOT_CLASS = YES_ERROR;
				CLANG_WARN_RANGE_LOOP_ANALYSIS = YES;
				CLANG_WARN_STRICT_PROTOTYPES = YES;
				CLANG_WARN_SUSPICIOUS_MOVE = YES;
				CLANG_WARN_UNGUARDED_AVAILABILITY = YES_AGGRESSIVE;
				CLANG_WARN_UNREACHABLE_CODE = YES;
				CLANG_WARN__DUPLICATE_METHOD_MATCH = YES;
				COPY_PHASE_STRIP = NO;
				DEBUG_INFORMATION_FORMAT = "dwarf-with-dsym";
				ENABLE_NS_ASSERTIONS = NO;
				ENABLE_STRICT_OBJC_MSGSEND = YES;
				GCC_C_LANGUAGE_STANDARD = gnu11;
				GCC_NO_COMMON_BLOCKS = YES;
				GCC_WARN_64_TO_32_BIT_CONVERSION = YES;
				GCC_WARN_ABOUT_RETURN_TYPE = YES_ERROR;
				GCC_WARN_UNDECLARED_SELECTOR = YES;
				GCC_WARN_UNINITIALIZED_AUTOS = YES_AGGRESSIVE;
				GCC_WARN_UNUSED_FUNCTION = YES;
				GCC_WARN_UNUSED_VARIABLE = YES;
				IPHONEOS_DEPLOYMENT_TARGET = 13.2;
				MTL_ENABLE_DEBUG_INFO = NO;
				MTL_FAST_MATH = YES;
				SDKROOT = iphoneos;
				SWIFT_COMPILATION_MODE = wholemodule;
				SWIFT_OPTIMIZATION_LEVEL = "-O";
				VALIDATE_PRODUCT = YES;
			};
			name = Release;
		};
		F8232B4C23D1570B005D508C /* Debug */ = {
			isa = XCBuildConfiguration;
			buildSettings = {
				ASSETCATALOG_COMPILER_APPICON_NAME = AppIcon;
				CODE_SIGN_STYLE = Automatic;
				DEVELOPMENT_ASSET_PATHS = "\"star/Preview Content\"";
				DEVELOPMENT_TEAM = 5M2W4KCMK2;
				ENABLE_PREVIEWS = YES;
				INFOPLIST_FILE = star/Info.plist;
				LD_RUNPATH_SEARCH_PATHS = (
					"$(inherited)",
					"@executable_path/Frameworks",
				);
				PRODUCT_BUNDLE_IDENTIFIER = zfx.star;
				PRODUCT_NAME = "$(TARGET_NAME)";
				SWIFT_VERSION = 5.0;
				TARGETED_DEVICE_FAMILY = "1,2";
			};
			name = Debug;
		};
		F8232B4D23D1570B005D508C /* Release */ = {
			isa = XCBuildConfiguration;
			buildSettings = {
				ASSETCATALOG_COMPILER_APPICON_NAME = AppIcon;
				CODE_SIGN_STYLE = Automatic;
				DEVELOPMENT_ASSET_PATHS = "\"star/Preview Content\"";
				DEVELOPMENT_TEAM = 5M2W4KCMK2;
				ENABLE_PREVIEWS = YES;
				INFOPLIST_FILE = star/Info.plist;
				LD_RUNPATH_SEARCH_PATHS = (
					"$(inherited)",
					"@executable_path/Frameworks",
				);
				PRODUCT_BUNDLE_IDENTIFIER = zfx.star;
				PRODUCT_NAME = "$(TARGET_NAME)";
				SWIFT_VERSION = 5.0;
				TARGETED_DEVICE_FAMILY = "1,2";
			};
			name = Release;
		};
/* End XCBuildConfiguration section */

/* Begin XCConfigurationList section */
		F8232B3223D1570A005D508C /* Build configuration list for PBXProject "star" */ = {
			isa = XCConfigurationList;
			buildConfigurations = (
				F8232B4923D1570B005D508C /* Debug */,
				F8232B4A23D1570B005D508C /* Release */,
			);
			defaultConfigurationIsVisible = 0;
			defaultConfigurationName = Release;
		};
		F8232B4B23D1570B005D508C /* Build configuration list for PBXNativeTarget "star" */ = {
			isa = XCConfigurationList;
			buildConfigurations = (
				F8232B4C23D1570B005D508C /* Debug */,
				F8232B4D23D1570B005D508C /* Release */,
			);
			defaultConfigurationIsVisible = 0;
			defaultConfigurationName = Release;
		};
/* End XCConfigurationList section */
	};
	rootObject = F8232B2F23D1570A005D508C /* Project object */;
}
